{
  "requires": true,
  "lockfileVersion": 1,
  "dependencies": {
    "vue-select": {
      "version": "3.2.0",
      "resolved": "https://registry.npmjs.org/vue-select/-/vue-select-3.2.0.tgz",
      "integrity": "sha512-FfARbDuJWQNpYm6X9zPWCsYXmz33TNR2oqY8FktKRVksKfp1tZPqL9g+/7wgsaMaqUxcIxYEUVV7C3AD+H5cxA=="
    }
  }
}
